
Microsoft Visual Studio Solution File, Format Version 12.00
# Visual Studio Version 16
VisualStudioVersion = 16.0.28803.202
MinimumVisualStudioVersion = 10.0.40219.1
Project("{FAE04EC0-301F-11D3-BF4B-00C04F79EFBC}") = "AutoLotDAL", "AutoLotDAL\AutoLotDAL.csproj", "{CC356FBF-8BB8-407C-8F61-DC036763F541}"
EndProject
Project("{FAE04EC0-301F-11D3-BF4B-00C04F79EFBC}") = "AutoLotTestDrive", "AutoLotTestDrive\AutoLotTestDrive.csproj", "{D8AE6C01-5FE3-4D7C-B500-E7968CAA194E}"
EndProject
Project("{FAE04EC0-301F-11D3-BF4B-00C04F79EFBC}") = "AutoLotDAL.Models", "AutoLotDAL.Models\AutoLotDAL.Models.csproj", "{91430494-31E4-438C-9268-EABFFDF1E491}"
EndProject
Global
	GlobalSection(SolutionConfigurationPlatforms) = preSolution
		Debug|Any CPU = Debug|Any CPU
		Release|Any CPU = Release|Any CPU
	EndGlobalSection
	GlobalSection(ProjectConfigurationPlatforms) = postSolution
		{CC356FBF-8BB8-407C-8F61-DC036763F541}.Debug|Any CPU.ActiveCfg = Debug|Any CPU
		{CC356FBF-8BB8-407C-8F61-DC036763F541}.Debug|Any CPU.Build.0 = Debug|Any CPU
		{CC356FBF-8BB8-407C-8F61-DC036763F541}.Release|Any CPU.ActiveCfg = Release|Any CPU
		{CC356FBF-8BB8-407C-8F61-DC036763F541}.Release|Any CPU.Build.0 = Release|Any CPU
		{D8AE6C01-5FE3-4D7C-B500-E7968CAA194E}.Debug|Any CPU.ActiveCfg = Debug|Any CPU
		{D8AE6C01-5FE3-4D7C-B500-E7968CAA194E}.Debug|Any CPU.Build.0 = Debug|Any CPU
		{D8AE6C01-5FE3-4D7C-B500-E7968CAA194E}.Release|Any CPU.ActiveCfg = Release|Any CPU
		{D8AE6C01-5FE3-4D7C-B500-E7968CAA194E}.Release|Any CPU.Build.0 = Release|Any CPU
		{91430494-31E4-438C-9268-EABFFDF1E491}.Debug|Any CPU.ActiveCfg = Debug|Any CPU
		{91430494-31E4-438C-9268-EABFFDF1E491}.Debug|Any CPU.Build.0 = Debug|Any CPU
		{91430494-31E4-438C-9268-EABFFDF1E491}.Release|Any CPU.ActiveCfg = Release|Any CPU
		{91430494-31E4-438C-9268-EABFFDF1E491}.Release|Any CPU.Build.0 = Release|Any CPU
	EndGlobalSection
	GlobalSection(SolutionProperties) = preSolution
		HideSolutionNode = FALSE
	EndGlobalSection
	GlobalSection(ExtensibilityGlobals) = postSolution
		SolutionGuid = {3B2F1A36-67BD-4E28-BC27-8C6549E57C19}
	EndGlobalSection
EndGlobal
